
Microsoft Visual Studio Solution File, Format Version 12.00
# Visual Studio Version 16
VisualStudioVersion = 16.0.30804.86
MinimumVisualStudioVersion = 10.0.40219.1
Project("{FAE04EC0-301F-11D3-BF4B-00C04F79EFBC}") = "MakeDictionary", "MakeDictionary\MakeDictionary.csproj", "{18C796E7-D666-4E6F-9CAA-8D65B0A994C6}"
EndProject
Global
	GlobalSection(SolutionConfigurationPlatforms) = preSolution
		Debug|Any CPU = Debug|Any CPU
		Release|Any CPU = Release|Any CPU
	EndGlobalSection
	GlobalSection(ProjectConfigurationPlatforms) = postSolution
		{18C796E7-D666-4E6F-9CAA-8D65B0A994C6}.Debug|Any CPU.ActiveCfg = Debug|Any CPU
		{18C796E7-D666-4E6F-9CAA-8D65B0A994C6}.Debug|Any CPU.Build.0 = Debug|Any CPU
		{18C796E7-D666-4E6F-9CAA-8D65B0A994C6}.Release|Any CPU.ActiveCfg = Release|Any CPU
		{18C796E7-D666-4E6F-9CAA-8D65B0A994C6}.Release|Any CPU.Build.0 = Release|Any CPU
	EndGlobalSection
	GlobalSection(SolutionProperties) = preSolution
		HideSolutionNode = FALSE
	EndGlobalSection
	GlobalSection(ExtensibilityGlobals) = postSolution
		SolutionGuid = {16192BFB-1DC5-42F8-8C5E-540800E4B17A}
	EndGlobalSection
EndGlobal
